
Microsoft Visual Studio Solution File, Format Version 12.00
# Visual Studio Version 16
VisualStudioVersion = 16.0.29911.84
MinimumVisualStudioVersion = 10.0.40219.1
Project("{FAE04EC0-301F-11D3-BF4B-00C04F79EFBC}") = "SpecflowPOM", "SeleniumPOM\SpecflowPOM.csproj", "{201FC639-F311-44F3-92CE-A58CCD2F0FFC}"
EndProject
Global
	GlobalSection(SolutionConfigurationPlatforms) = preSolution
		Debug|Any CPU = Debug|Any CPU
		Release|Any CPU = Release|Any CPU
	EndGlobalSection
	GlobalSection(ProjectConfigurationPlatforms) = postSolution
		{201FC639-F311-44F3-92CE-A58CCD2F0FFC}.Debug|Any CPU.ActiveCfg = Debug|Any CPU
		{201FC639-F311-44F3-92CE-A58CCD2F0FFC}.Debug|Any CPU.Build.0 = Debug|Any CPU
		{201FC639-F311-44F3-92CE-A58CCD2F0FFC}.Release|Any CPU.ActiveCfg = Release|Any CPU
		{201FC639-F311-44F3-92CE-A58CCD2F0FFC}.Release|Any CPU.Build.0 = Release|Any CPU
	EndGlobalSection
	GlobalSection(SolutionProperties) = preSolution
		HideSolutionNode = FALSE
	EndGlobalSection
	GlobalSection(ExtensibilityGlobals) = postSolution
		SolutionGuid = {7E712385-C773-45BA-BAA7-A2514A709123}
	EndGlobalSection
EndGlobal
